// !$*UTF8*$!
{
	archiveVersion = 1;
	classes = {
	};
	objectVersion = 51;
	objects = {

/* Begin PBXBuildFile section */
		702514B1240BBEC2009A8870 /* UpdateCommentVC.swift in Sources */ = {isa = PBXBuildFile; fileRef = 702514B0240BBEC2009A8870 /* UpdateCommentVC.swift */; };
		706CE5122411ABCC007401E2 /* EditThoughtVC.swift in Sources */ = {isa = PBXBuildFile; fileRef = 706CE5112411ABCC007401E2 /* EditThoughtVC.swift */; };
		708081BC23F09D5A00166838 /* CommentCell.swift in Sources */ = {isa = PBXBuildFile; fileRef = 708081BB23F09D5A00166838 /* CommentCell.swift */; };
		708081BE23F09F8400166838 /* Comment.swift in Sources */ = {isa = PBXBuildFile; fileRef = 708081BD23F09F8400166838 /* Comment.swift */; };
		7090151123E83BF40079E719 /* Constants.swift in Sources */ = {isa = PBXBuildFile; fileRef = 7090151023E83BF40079E719 /* Constants.swift */; };
		7090151323E86F250079E719 /* Thought.swift in Sources */ = {isa = PBXBuildFile; fileRef = 7090151223E86F250079E719 /* Thought.swift */; };
		709017D923EE91FD0061A9AF /* CommentsVC.swift in Sources */ = {isa = PBXBuildFile; fileRef = 709017D823EE91FD0061A9AF /* CommentsVC.swift */; };
		70A71E9C24045D1000392C8E /* KeyboardBoundView.swift in Sources */ = {isa = PBXBuildFile; fileRef = 70A71E9B24045D1000392C8E /* KeyboardBoundView.swift */; };
		70B3DD0A23DF87B7008A6EEA /* AppDelegate.swift in Sources */ = {isa = PBXBuildFile; fileRef = 70B3DD0923DF87B7008A6EEA /* AppDelegate.swift */; };
		70B3DD0C23DF87B7008A6EEA /* SceneDelegate.swift in Sources */ = {isa = PBXBuildFile; fileRef = 70B3DD0B23DF87B7008A6EEA /* SceneDelegate.swift */; };
		70B3DD0E23DF87B7008A6EEA /* MainVC.swift in Sources */ = {isa = PBXBuildFile; fileRef = 70B3DD0D23DF87B7008A6EEA /* MainVC.swift */; };
		70B3DD1123DF87B7008A6EEA /* Main.storyboard in Resources */ = {isa = PBXBuildFile; fileRef = 70B3DD0F23DF87B7008A6EEA /* Main.storyboard */; };
		70B3DD1323DF87BA008A6EEA /* Assets.xcassets in Resources */ = {isa = PBXBuildFile; fileRef = 70B3DD1223DF87BA008A6EEA /* Assets.xcassets */; };
		70B3DD1623DF87BA008A6EEA /* LaunchScreen.storyboard in Resources */ = {isa = PBXBuildFile; fileRef = 70B3DD1423DF87BA008A6EEA /* LaunchScreen.storyboard */; };
		70B3DD1E23DF8852008A6EEA /* GoogleService-Info.plist in Resources */ = {isa = PBXBuildFile; fileRef = 70B3DD1D23DF8852008A6EEA /* GoogleService-Info.plist */; };
		70E0E45923EA0EBD000108A2 /* ThoughtCell.swift in Sources */ = {isa = PBXBuildFile; fileRef = 70E0E45823EA0EBD000108A2 /* ThoughtCell.swift */; };
		70E0E45B23EB5B1B000108A2 /* LoginVC.swift in Sources */ = {isa = PBXBuildFile; fileRef = 70E0E45A23EB5B1B000108A2 /* LoginVC.swift */; };
		70E0E45D23EB5E1E000108A2 /* CreateUserVC.swift in Sources */ = {isa = PBXBuildFile; fileRef = 70E0E45C23EB5E1E000108A2 /* CreateUserVC.swift */; };
		70EBD58223E571550098292A /* AddThoughtVC.swift in Sources */ = {isa = PBXBuildFile; fileRef = 70EBD58123E571550098292A /* AddThoughtVC.swift */; };
		DDA420AB06F62FD035364162 /* Pods_RNDM.framework in Frameworks */ = {isa = PBXBuildFile; fileRef = 52427F83C9F02D47D19BF802 /* Pods_RNDM.framework */; };
/* End PBXBuildFile section */

/* Begin PBXFileReference section */
		23F9DD6E9F234195151AB584 /* Pods-RNDM.release.xcconfig */ = {isa = PBXFileReference; includeInIndex = 1; lastKnownFileType = text.xcconfig; name = "Pods-RNDM.release.xcconfig"; path = "Target Support Files/Pods-RNDM/Pods-RNDM.release.xcconfig"; sourceTree = "<group>"; };
		52427F83C9F02D47D19BF802 /* Pods_RNDM.framework */ = {isa = PBXFileReference; explicitFileType = wrapper.framework; includeInIndex = 0; path = Pods_RNDM.framework; sourceTree = BUILT_PRODUCTS_DIR; };
		561523551E942788DEFB6B18 /* Pods-RNDM.debug.xcconfig */ = {isa = PBXFileReference; includeInIndex = 1; lastKnownFileType = text.xcconfig; name = "Pods-RNDM.debug.xcconfig"; path = "Target Support Files/Pods-RNDM/Pods-RNDM.debug.xcconfig"; sourceTree = "<group>"; };
		702514B0240BBEC2009A8870 /* UpdateCommentVC.swift */ = {isa = PBXFileReference; lastKnownFileType = sourcecode.swift; path = UpdateCommentVC.swift; sourceTree = "<group>"; };
		706CE5112411ABCC007401E2 /* EditThoughtVC.swift */ = {isa = PBXFileReference; lastKnownFileType = sourcecode.swift; path = EditThoughtVC.swift; sourceTree = "<group>"; };
		708081BB23F09D5A00166838 /* CommentCell.swift */ = {isa = PBXFileReference; lastKnownFileType = sourcecode.swift; path = CommentCell.swift; sourceTree = "<group>"; };
		708081BD23F09F8400166838 /* Comment.swift */ = {isa = PBXFileReference; lastKnownFileType = sourcecode.swift; path = Comment.swift; sourceTree = "<group>"; };
		7090151023E83BF40079E719 /* Constants.swift */ = {isa = PBXFileReference; lastKnownFileType = sourcecode.swift; path = Constants.swift; sourceTree = "<group>"; };
		7090151223E86F250079E719 /* Thought.swift */ = {isa = PBXFileReference; lastKnownFileType = sourcecode.swift; path = Thought.swift; sourceTree = "<group>"; };
		709017D823EE91FD0061A9AF /* CommentsVC.swift */ = {isa = PBXFileReference; lastKnownFileType = sourcecode.swift; path = CommentsVC.swift; sourceTree = "<group>"; };
		70A71E9B24045D1000392C8E /* KeyboardBoundView.swift */ = {isa = PBXFileReference; fileEncoding = 4; lastKnownFileType = sourcecode.swift; path = KeyboardBoundView.swift; sourceTree = "<group>"; };
		70B3DD0623DF87B7008A6EEA /* RNDM.app */ = {isa = PBXFileReference; explicitFileType = wrapper.application; includeInIndex = 0; path = RNDM.app; sourceTree = BUILT_PRODUCTS_DIR; };
		70B3DD0923DF87B7008A6EEA /* AppDelegate.swift */ = {isa = PBXFileReference; lastKnownFileType = sourcecode.swift; path = AppDelegate.swift; sourceTree = "<group>"; };
		70B3DD0B23DF87B7008A6EEA /* SceneDelegate.swift */ = {isa = PBXFileReference; lastKnownFileType = sourcecode.swift; path = SceneDelegate.swift; sourceTree = "<group>"; };
		70B3DD0D23DF87B7008A6EEA /* MainVC.swift */ = {isa = PBXFileReference; lastKnownFileType = sourcecode.swift; path = MainVC.swift; sourceTree = "<group>"; };
		70B3DD1023DF87B7008A6EEA /* Base */ = {isa = PBXFileReference; lastKnownFileType = file.storyboard; name = Base; path = Base.lproj/Main.storyboard; sourceTree = "<group>"; };
		70B3DD1223DF87BA008A6EEA /* Assets.xcassets */ = {isa = PBXFileReference; lastKnownFileType = folder.assetcatalog; path = Assets.xcassets; sourceTree = "<group>"; };
		70B3DD1523DF87BA008A6EEA /* Base */ = {isa = PBXFileReference; lastKnownFileType = file.storyboard; name = Base; path = Base.lproj/LaunchScreen.storyboard; sourceTree = "<group>"; };
		70B3DD1723DF87BA008A6EEA /* Info.plist */ = {isa = PBXFileReference; lastKnownFileType = text.plist.xml; path = Info.plist; sourceTree = "<group>"; };
		70B3DD1D23DF8852008A6EEA /* GoogleService-Info.plist */ = {isa = PBXFileReference; fileEncoding = 4; lastKnownFileType = text.plist.xml; path = "GoogleService-Info.plist"; sourceTree = "<group>"; };
		70E0E45823EA0EBD000108A2 /* ThoughtCell.swift */ = {isa = PBXFileReference; lastKnownFileType = sourcecode.swift; path = ThoughtCell.swift; sourceTree = "<group>"; };
		70E0E45A23EB5B1B000108A2 /* LoginVC.swift */ = {isa = PBXFileReference; lastKnownFileType = sourcecode.swift; path = LoginVC.swift; sourceTree = "<group>"; };
		70E0E45C23EB5E1E000108A2 /* CreateUserVC.swift */ = {isa = PBXFileReference; lastKnownFileType = sourcecode.swift; path = CreateUserVC.swift; sourceTree = "<group>"; };
		70EBD58123E571550098292A /* AddThoughtVC.swift */ = {isa = PBXFileReference; lastKnownFileType = sourcecode.swift; path = AddThoughtVC.swift; sourceTree = "<group>"; };
/* End PBXFileReference section */

/* Begin PBXFrameworksBuildPhase section */
		70B3DD0323DF87B7008A6EEA /* Frameworks */ = {
			isa = PBXFrameworksBuildPhase;
			buildActionMask = 2147483647;
			files = (
				DDA420AB06F62FD035364162 /* Pods_RNDM.framework in Frameworks */,
			);
			runOnlyForDeploymentPostprocessing = 0;
		};
/* End PBXFrameworksBuildPhase section */

/* Begin PBXGroup section */
		143666576C86448D1FAF1363 /* Pods */ = {
			isa = PBXGroup;
			children = (
				561523551E942788DEFB6B18 /* Pods-RNDM.debug.xcconfig */,
				23F9DD6E9F234195151AB584 /* Pods-RNDM.release.xcconfig */,
			);
			path = Pods;
			sourceTree = "<group>";
		};
		7090150F23E83BD40079E719 /* Utilities */ = {
			isa = PBXGroup;
			children = (
				7090151023E83BF40079E719 /* Constants.swift */,
				70A71E9B24045D1000392C8E /* KeyboardBoundView.swift */,
			);
			path = Utilities;
			sourceTree = "<group>";
		};
		70B3DCFD23DF87B7008A6EEA = {
			isa = PBXGroup;
			children = (
				70B3DD0823DF87B7008A6EEA /* RNDM */,
				70B3DD0723DF87B7008A6EEA /* Products */,
				143666576C86448D1FAF1363 /* Pods */,
				FCAD88DF52FF215650DA8EA2 /* Frameworks */,
			);
			sourceTree = "<group>";
		};
		70B3DD0723DF87B7008A6EEA /* Products */ = {
			isa = PBXGroup;
			children = (
				70B3DD0623DF87B7008A6EEA /* RNDM.app */,
			);
			name = Products;
			sourceTree = "<group>";
		};
		70B3DD0823DF87B7008A6EEA /* RNDM */ = {
			isa = PBXGroup;
			children = (
				7090150F23E83BD40079E719 /* Utilities */,
				70EBD58423E5716E0098292A /* Model */,
				70EBD58323E571630098292A /* Controller */,
				70EBD58023E5710F0098292A /* View */,
				70B3DD0923DF87B7008A6EEA /* AppDelegate.swift */,
				70B3DD0B23DF87B7008A6EEA /* SceneDelegate.swift */,
				70B3DD0F23DF87B7008A6EEA /* Main.storyboard */,
				70B3DD1223DF87BA008A6EEA /* Assets.xcassets */,
				70B3DD1423DF87BA008A6EEA /* LaunchScreen.storyboard */,
				70B3DD1723DF87BA008A6EEA /* Info.plist */,
				70B3DD1D23DF8852008A6EEA /* GoogleService-Info.plist */,
			);
			path = RNDM;
			sourceTree = "<group>";
		};
		70EBD58023E5710F0098292A /* View */ = {
			isa = PBXGroup;
			children = (
				70E0E45823EA0EBD000108A2 /* ThoughtCell.swift */,
				708081BB23F09D5A00166838 /* CommentCell.swift */,
			);
			path = View;
			sourceTree = "<group>";
		};
		70EBD58323E571630098292A /* Controller */ = {
			isa = PBXGroup;
			children = (
				70B3DD0D23DF87B7008A6EEA /* MainVC.swift */,
				70EBD58123E571550098292A /* AddThoughtVC.swift */,
				70E0E45A23EB5B1B000108A2 /* LoginVC.swift */,
				70E0E45C23EB5E1E000108A2 /* CreateUserVC.swift */,
				709017D823EE91FD0061A9AF /* CommentsVC.swift */,
				702514B0240BBEC2009A8870 /* UpdateCommentVC.swift */,
				706CE5112411ABCC007401E2 /* EditThoughtVC.swift */,
			);
			path = Controller;
			sourceTree = "<group>";
		};
		70EBD58423E5716E0098292A /* Model */ = {
			isa = PBXGroup;
			children = (
				7090151223E86F250079E719 /* Thought.swift */,
				708081BD23F09F8400166838 /* Comment.swift */,
			);
			path = Model;
			sourceTree = "<group>";
		};
		FCAD88DF52FF215650DA8EA2 /* Frameworks */ = {
			isa = PBXGroup;
			children = (
				52427F83C9F02D47D19BF802 /* Pods_RNDM.framework */,
			);
			name = Frameworks;
			sourceTree = "<group>";
		};
/* End PBXGroup section */

/* Begin PBXNativeTarget section */
		70B3DD0523DF87B7008A6EEA /* RNDM */ = {
			isa = PBXNativeTarget;
			buildConfigurationList = 70B3DD1A23DF87BA008A6EEA /* Build configuration list for PBXNativeTarget "RNDM" */;
			buildPhases = (
				C15C2814699A74FDE9D35BA1 /* [CP] Check Pods Manifest.lock */,
				70B3DD0223DF87B7008A6EEA /* Sources */,
				70B3DD0323DF87B7008A6EEA /* Frameworks */,
				70B3DD0423DF87B7008A6EEA /* Resources */,
				FE7E25A1E09B7C03DF7FB5A9 /* [CP] Embed Pods Frameworks */,
			);
			buildRules = (
			);
			dependencies = (
			);
			name = RNDM;
			productName = RNDM;
			productReference = 70B3DD0623DF87B7008A6EEA /* RNDM.app */;
			productType = "com.apple.product-type.application";
		};
/* End PBXNativeTarget section */

/* Begin PBXProject section */
		70B3DCFE23DF87B7008A6EEA /* Project object */ = {
			isa = PBXProject;
			attributes = {
				LastSwiftUpdateCheck = 1130;
				LastUpgradeCheck = 1130;
				ORGANIZATIONNAME = "Tomek Klocek";
				TargetAttributes = {
					70B3DD0523DF87B7008A6EEA = {
						CreatedOnToolsVersion = 11.3.1;
					};
				};
			};
			buildConfigurationList = 70B3DD0123DF87B7008A6EEA /* Build configuration list for PBXProject "RNDM" */;
			compatibilityVersion = "Xcode 9.3";
			developmentRegion = en;
			hasScannedForEncodings = 0;
			knownRegions = (
				en,
				Base,
			);
			mainGroup = 70B3DCFD23DF87B7008A6EEA;
			productRefGroup = 70B3DD0723DF87B7008A6EEA /* Products */;
			projectDirPath = "";
			projectRoot = "";
			targets = (
				70B3DD0523DF87B7008A6EEA /* RNDM */,
			);
		};
/* End PBXProject section */

/* Begin PBXResourcesBuildPhase section */
		70B3DD0423DF87B7008A6EEA /* Resources */ = {
			isa = PBXResourcesBuildPhase;
			buildActionMask = 2147483647;
			files = (
				70B3DD1623DF87BA008A6EEA /* LaunchScreen.storyboard in Resources */,
				70B3DD1E23DF8852008A6EEA /* GoogleService-Info.plist in Resources */,
				70B3DD1323DF87BA008A6EEA /* Assets.xcassets in Resources */,
				70B3DD1123DF87B7008A6EEA /* Main.storyboard in Resources */,
			);
			runOnlyForDeploymentPostprocessing = 0;
		};
/* End PBXResourcesBuildPhase section */

/* Begin PBXShellScriptBuildPhase section */
		C15C2814699A74FDE9D35BA1 /* [CP] Check Pods Manifest.lock */ = {
			isa = PBXShellScriptBuildPhase;
			buildActionMask = 2147483647;
			files = (
			);
			inputFileListPaths = (
			);
			inputPaths = (
				"${PODS_PODFILE_DIR_PATH}/Podfile.lock",
				"${PODS_ROOT}/Manifest.lock",
			);
			name = "[CP] Check Pods Manifest.lock";
			outputFileListPaths = (
			);
			outputPaths = (
				"$(DERIVED_FILE_DIR)/Pods-RNDM-checkManifestLockResult.txt",
			);
			runOnlyForDeploymentPostprocessing = 0;
			shellPath = /bin/sh;
			shellScript = "diff \"${PODS_PODFILE_DIR_PATH}/Podfile.lock\" \"${PODS_ROOT}/Manifest.lock\" > /dev/null\nif [ $? != 0 ] ; then\n    # print error to STDERR\n    echo \"error: The sandbox is not in sync with the Podfile.lock. Run 'pod install' or update your CocoaPods installation.\" >&2\n    exit 1\nfi\n# This output is used by Xcode 'outputs' to avoid re-running this script phase.\necho \"SUCCESS\" > \"${SCRIPT_OUTPUT_FILE_0}\"\n";
			showEnvVarsInLog = 0;
		};
		FE7E25A1E09B7C03DF7FB5A9 /* [CP] Embed Pods Frameworks */ = {
			isa = PBXShellScriptBuildPhase;
			buildActionMask = 2147483647;
			files = (
			);
			inputFileListPaths = (
				"${PODS_ROOT}/Target Support Files/Pods-RNDM/Pods-RNDM-frameworks-${CONFIGURATION}-input-files.xcfilelist",
			);
			name = "[CP] Embed Pods Frameworks";
			outputFileListPaths = (
				"${PODS_ROOT}/Target Support Files/Pods-RNDM/Pods-RNDM-frameworks-${CONFIGURATION}-output-files.xcfilelist",
			);
			runOnlyForDeploymentPostprocessing = 0;
			shellPath = /bin/sh;
			shellScript = "\"${PODS_ROOT}/Target Support Files/Pods-RNDM/Pods-RNDM-frameworks.sh\"\n";
			showEnvVarsInLog = 0;
		};
/* End PBXShellScriptBuildPhase section */

/* Begin PBXSourcesBuildPhase section */
		70B3DD0223DF87B7008A6EEA /* Sources */ = {
			isa = PBXSourcesBuildPhase;
			buildActionMask = 2147483647;
			files = (
				7090151123E83BF40079E719 /* Constants.swift in Sources */,
				702514B1240BBEC2009A8870 /* UpdateCommentVC.swift in Sources */,
				70B3DD0E23DF87B7008A6EEA /* MainVC.swift in Sources */,
				70E0E45B23EB5B1B000108A2 /* LoginVC.swift in Sources */,
				708081BC23F09D5A00166838 /* CommentCell.swift in Sources */,
				70A71E9C24045D1000392C8E /* KeyboardBoundView.swift in Sources */,
				70EBD58223E571550098292A /* AddThoughtVC.swift in Sources */,
				706CE5122411ABCC007401E2 /* EditThoughtVC.swift in Sources */,
				709017D923EE91FD0061A9AF /* CommentsVC.swift in Sources */,
				7090151323E86F250079E719 /* Thought.swift in Sources */,
				708081BE23F09F8400166838 /* Comment.swift in Sources */,
				70B3DD0A23DF87B7008A6EEA /* AppDelegate.swift in Sources */,
				70E0E45D23EB5E1E000108A2 /* CreateUserVC.swift in Sources */,
				70E0E45923EA0EBD000108A2 /* ThoughtCell.swift in Sources */,
				70B3DD0C23DF87B7008A6EEA /* SceneDelegate.swift in Sources */,
			);
			runOnlyForDeploymentPostprocessing = 0;
		};
/* End PBXSourcesBuildPhase section */

/* Begin PBXVariantGroup section */
		70B3DD0F23DF87B7008A6EEA /* Main.storyboard */ = {
			isa = PBXVariantGroup;
			children = (
				70B3DD1023DF87B7008A6EEA /* Base */,
			);
			name = Main.storyboard;
			sourceTree = "<group>";
		};
		70B3DD1423DF87BA008A6EEA /* LaunchScreen.storyboard */ = {
			isa = PBXVariantGroup;
			children = (
				70B3DD1523DF87BA008A6EEA /* Base */,
			);
			name = LaunchScreen.storyboard;
			sourceTree = "<group>";
		};
/* End PBXVariantGroup section */

/* Begin XCBuildConfiguration section */
		70B3DD1823DF87BA008A6EEA /* Debug */ = {
			isa = XCBuildConfiguration;
			buildSettings = {
				ALWAYS_SEARCH_USER_PATHS = NO;
				CLANG_ANALYZER_NONNULL = YES;
				CLANG_ANALYZER_NUMBER_OBJECT_CONVERSION = YES_AGGRESSIVE;
				CLANG_CXX_LANGUAGE_STANDARD = "gnu++14";
				CLANG_CXX_LIBRARY = "libc++";
				CLANG_ENABLE_MODULES = YES;
				CLANG_ENABLE_OBJC_ARC = YES;
				CLANG_ENABLE_OBJC_WEAK = YES;
				CLANG_WARN_BLOCK_CAPTURE_AUTORELEASING = YES;
				CLANG_WARN_BOOL_CONVERSION = YES;
				CLANG_WARN_COMMA = YES;
				CLANG_WARN_CONSTANT_CONVERSION = YES;
				CLANG_WARN_DEPRECATED_OBJC_IMPLEMENTATIONS = YES;
				CLANG_WARN_DIRECT_OBJC_ISA_USAGE = YES_ERROR;
				CLANG_WARN_DOCUMENTATION_COMMENTS = YES;
				CLANG_WARN_EMPTY_BODY = YES;
				CLANG_WARN_ENUM_CONVERSION = YES;
				CLANG_WARN_INFINITE_RECURSION = YES;
				CLANG_WARN_INT_CONVERSION = YES;
				CLANG_WARN_NON_LITERAL_NULL_CONVERSION = YES;
				CLANG_WARN_OBJC_IMPLICIT_RETAIN_SELF = YES;
				CLANG_WARN_OBJC_LITERAL_CONVERSION = YES;
				CLANG_WARN_OBJC_ROOT_CLASS = YES_ERROR;
				CLANG_WARN_RANGE_LOOP_ANALYSIS = YES;
				CLANG_WARN_STRICT_PROTOTYPES = YES;
				CLANG_WARN_SUSPICIOUS_MOVE = YES;
				CLANG_WARN_UNGUARDED_AVAILABILITY = YES_AGGRESSIVE;
				CLANG_WARN_UNREACHABLE_CODE = YES;
				CLANG_WARN__DUPLICATE_METHOD_MATCH = YES;
				COPY_PHASE_STRIP = NO;
				DEBUG_INFORMATION_FORMAT = dwarf;
				ENABLE_STRICT_OBJC_MSGSEND = YES;
				ENABLE_TESTABILITY = YES;
				GCC_C_LANGUAGE_STANDARD = gnu11;
				GCC_DYNAMIC_NO_PIC = NO;
				GCC_NO_COMMON_BLOCKS = YES;
				GCC_OPTIMIZATION_LEVEL = 0;
				GCC_PREPROCESSOR_DEFINITIONS = (
					"DEBUG=1",
					"$(inherited)",
				);
				GCC_WARN_64_TO_32_BIT_CONVERSION = YES;
				GCC_WARN_ABOUT_RETURN_TYPE = YES_ERROR;
				GCC_WARN_UNDECLARED_SELECTOR = YES;
				GCC_WARN_UNINITIALIZED_AUTOS = YES_AGGRESSIVE;
				GCC_WARN_UNUSED_FUNCTION = YES;
				GCC_WARN_UNUSED_VARIABLE = YES;
				IPHONEOS_DEPLOYMENT_TARGET = 13.2;
				MTL_ENABLE_DEBUG_INFO = INCLUDE_SOURCE;
				MTL_FAST_MATH = YES;
				ONLY_ACTIVE_ARCH = YES;
				SDKROOT = iphoneos;
				SWIFT_ACTIVE_COMPILATION_CONDITIONS = DEBUG;
				SWIFT_OPTIMIZATION_LEVEL = "-Onone";
			};
			name = Debug;
		};
		70B3DD1923DF87BA008A6EEA /* Release */ = {
			isa = XCBuildConfiguration;
			buildSettings = {
				ALWAYS_SEARCH_USER_PATHS = NO;
				CLANG_ANALYZER_NONNULL = YES;
				CLANG_ANALYZER_NUMBER_OBJECT_CONVERSION = YES_AGGRESSIVE;
				CLANG_CXX_LANGUAGE_STANDARD = "gnu++14";
				CLANG_CXX_LIBRARY = "libc++";
				CLANG_ENABLE_MODULES = YES;
				CLANG_ENABLE_OBJC_ARC = YES;
				CLANG_ENABLE_OBJC_WEAK = YES;
				CLANG_WARN_BLOCK_CAPTURE_AUTORELEASING = YES;
				CLANG_WARN_BOOL_CONVERSION = YES;
				CLANG_WARN_COMMA = YES;
				CLANG_WARN_CONSTANT_CONVERSION = YES;
				CLANG_WARN_DEPRECATED_OBJC_IMPLEMENTATIONS = YES;
				CLANG_WARN_DIRECT_OBJC_ISA_USAGE = YES_ERROR;
				CLANG_WARN_DOCUMENTATION_COMMENTS = YES;
				CLANG_WARN_EMPTY_BODY = YES;
				CLANG_WARN_ENUM_CONVERSION = YES;
				CLANG_WARN_INFINITE_RECURSION = YES;
				CLANG_WARN_INT_CONVERSION = YES;
				CLANG_WARN_NON_LITERAL_NULL_CONVERSION = YES;
				CLANG_WARN_OBJC_IMPLICIT_RETAIN_SELF = YES;
				CLANG_WARN_OBJC_LITERAL_CONVERSION = YES;
				CLANG_WARN_OBJC_ROOT_CLASS = YES_ERROR;
				CLANG_WARN_RANGE_LOOP_ANALYSIS = YES;
				CLANG_WARN_STRICT_PROTOTYPES = YES;
				CLANG_WARN_SUSPICIOUS_MOVE = YES;
				CLANG_WARN_UNGUARDED_AVAILABILITY = YES_AGGRESSIVE;
				CLANG_WARN_UNREACHABLE_CODE = YES;
				CLANG_WARN__DUPLICATE_METHOD_MATCH = YES;
				COPY_PHASE_STRIP = NO;
				DEBUG_INFORMATION_FORMAT = "dwarf-with-dsym";
				ENABLE_NS_ASSERTIONS = NO;
				ENABLE_STRICT_OBJC_MSGSEND = YES;
				GCC_C_LANGUAGE_STANDARD = gnu11;
				GCC_NO_COMMON_BLOCKS = YES;
				GCC_WARN_64_TO_32_BIT_CONVERSION = YES;
				GCC_WARN_ABOUT_RETURN_TYPE = YES_ERROR;
				GCC_WARN_UNDECLARED_SELECTOR = YES;
				GCC_WARN_UNINITIALIZED_AUTOS = YES_AGGRESSIVE;
				GCC_WARN_UNUSED_FUNCTION = YES;
				GCC_WARN_UNUSED_VARIABLE = YES;
				IPHONEOS_DEPLOYMENT_TARGET = 13.2;
				MTL_ENABLE_DEBUG_INFO = NO;
				MTL_FAST_MATH = YES;
				SDKROOT = iphoneos;
				SWIFT_COMPILATION_MODE = wholemodule;
				SWIFT_OPTIMIZATION_LEVEL = "-O";
				VALIDATE_PRODUCT = YES;
			};
			name = Release;
		};
		70B3DD1B23DF87BA008A6EEA /* Debug */ = {
			isa = XCBuildConfiguration;
			baseConfigurationReference = 561523551E942788DEFB6B18 /* Pods-RNDM.debug.xcconfig */;
			buildSettings = {
				ASSETCATALOG_COMPILER_APPICON_NAME = AppIcon;
				CODE_SIGN_STYLE = Automatic;
				DEVELOPMENT_TEAM = 5DZ8G929RG;
				INFOPLIST_FILE = RNDM/Info.plist;
				LD_RUNPATH_SEARCH_PATHS = (
					"$(inherited)",
					"@executable_path/Frameworks",
				);
				PRODUCT_BUNDLE_IDENTIFIER = TK.RNDM;
				PRODUCT_NAME = "$(TARGET_NAME)";
				SWIFT_VERSION = 5.0;
				TARGETED_DEVICE_FAMILY = 1;
			};
			name = Debug;
		};
		70B3DD1C23DF87BA008A6EEA /* Release */ = {
			isa = XCBuildConfiguration;
			baseConfigurationReference = 23F9DD6E9F234195151AB584 /* Pods-RNDM.release.xcconfig */;
			buildSettings = {
				ASSETCATALOG_COMPILER_APPICON_NAME = AppIcon;
				CODE_SIGN_STYLE = Automatic;
				DEVELOPMENT_TEAM = 5DZ8G929RG;
				INFOPLIST_FILE = RNDM/Info.plist;
				LD_RUNPATH_SEARCH_PATHS = (
					"$(inherited)",
					"@executable_path/Frameworks",
				);
				PRODUCT_BUNDLE_IDENTIFIER = TK.RNDM;
				PRODUCT_NAME = "$(TARGET_NAME)";
				SWIFT_VERSION = 5.0;
				TARGETED_DEVICE_FAMILY = 1;
			};
			name = Release;
		};
/* End XCBuildConfiguration section */

/* Begin XCConfigurationList section */
		70B3DD0123DF87B7008A6EEA /* Build configuration list for PBXProject "RNDM" */ = {
			isa = XCConfigurationList;
			buildConfigurations = (
				70B3DD1823DF87BA008A6EEA /* Debug */,
				70B3DD1923DF87BA008A6EEA /* Release */,
			);
			defaultConfigurationIsVisible = 0;
			defaultConfigurationName = Release;
		};
		70B3DD1A23DF87BA008A6EEA /* Build configuration list for PBXNativeTarget "RNDM" */ = {
			isa = XCConfigurationList;
			buildConfigurations = (
				70B3DD1B23DF87BA008A6EEA /* Debug */,
				70B3DD1C23DF87BA008A6EEA /* Release */,
			);
			defaultConfigurationIsVisible = 0;
			defaultConfigurationName = Release;
		};
/* End XCConfigurationList section */
	};
	rootObject = 70B3DCFE23DF87B7008A6EEA /* Project object */;
}
